
Microsoft Visual Studio Solution File, Format Version 12.00
# Visual Studio Version 17
VisualStudioVersion = 17.11.35222.181
MinimumVisualStudioVersion = 10.0.40219.1
Project("{FAE04EC0-301F-11D3-BF4B-00C04F79EFBC}") = "TallerRepuestosMVC", "TallerRepuestosMVC\TallerRepuestosMVC.csproj", "{60FD4670-AF6B-4B24-A98D-E51064B0EAED}"
EndProject
Global
	GlobalSection(SolutionConfigurationPlatforms) = preSolution
		Debug|Any CPU = Debug|Any CPU
		Release|Any CPU = Release|Any CPU
	EndGlobalSection
	GlobalSection(ProjectConfigurationPlatforms) = postSolution
		{60FD4670-AF6B-4B24-A98D-E51064B0EAED}.Debug|Any CPU.ActiveCfg = Debug|Any CPU
		{60FD4670-AF6B-4B24-A98D-E51064B0EAED}.Debug|Any CPU.Build.0 = Debug|Any CPU
		{60FD4670-AF6B-4B24-A98D-E51064B0EAED}.Release|Any CPU.ActiveCfg = Release|Any CPU
		{60FD4670-AF6B-4B24-A98D-E51064B0EAED}.Release|Any CPU.Build.0 = Release|Any CPU
	EndGlobalSection
	GlobalSection(SolutionProperties) = preSolution
		HideSolutionNode = FALSE
	EndGlobalSection
	GlobalSection(ExtensibilityGlobals) = postSolution
		SolutionGuid = {EA6576BF-6542-4044-A41D-7DE996EFC135}
	EndGlobalSection
EndGlobal
